// !$*UTF8*$!
{
	archiveVersion = 1;
	classes = {
	};
	objectVersion = 46;
	objects = {

/* Begin PBXBuildFile section */
		9D33DB041C3D23DF00E8E80F /* main.m in Sources */ = {isa = PBXBuildFile; fileRef = 9D33DB031C3D23DF00E8E80F /* main.m */; };
		9D33DB071C3D23DF00E8E80F /* AppDelegate.m in Sources */ = {isa = PBXBuildFile; fileRef = 9D33DB061C3D23DF00E8E80F /* AppDelegate.m */; };
		9D33DB0A1C3D23DF00E8E80F /* ViewController.m in Sources */ = {isa = PBXBuildFile; fileRef = 9D33DB091C3D23DF00E8E80F /* ViewController.m */; };
		9D33DB0D1C3D23DF00E8E80F /* Main.storyboard in Resources */ = {isa = PBXBuildFile; fileRef = 9D33DB0B1C3D23DF00E8E80F /* Main.storyboard */; };
		9D33DB0F1C3D23DF00E8E80F /* Assets.xcassets in Resources */ = {isa = PBXBuildFile; fileRef = 9D33DB0E1C3D23DF00E8E80F /* Assets.xcassets */; };
		9D33DB121C3D23DF00E8E80F /* LaunchScreen.storyboard in Resources */ = {isa = PBXBuildFile; fileRef = 9D33DB101C3D23DF00E8E80F /* LaunchScreen.storyboard */; };
		9DB735CB1CFD2D3F00124CEA /* demodb.sqlitemodeld in Resources */ = {isa = PBXBuildFile; fileRef = 9DB735CA1CFD2D3F00124CEA /* demodb.sqlitemodeld */; };
		9DB735D21CFD577000124CEA /* demodb2.sqlitemodeld in Resources */ = {isa = PBXBuildFile; fileRef = 9DB735D11CFD577000124CEA /* demodb2.sqlitemodeld */; };
		9DC1086F1C3F507D0036390D /* FSSqlite.framework in Frameworks */ = {isa = PBXBuildFile; fileRef = 9DC1086E1C3F507D0036390D /* FSSqlite.framework */; };
		9DC108701C3F507D0036390D /* FSSqlite.framework in Embed Frameworks */ = {isa = PBXBuildFile; fileRef = 9DC1086E1C3F507D0036390D /* FSSqlite.framework */; settings = {ATTRIBUTES = (CodeSignOnCopy, RemoveHeadersOnCopy, ); }; };
/* End PBXBuildFile section */

/* Begin PBXCopyFilesBuildPhase section */
		9DC108711C3F507D0036390D /* Embed Frameworks */ = {
			isa = PBXCopyFilesBuildPhase;
			buildActionMask = 2147483647;
			dstPath = "";
			dstSubfolderSpec = 10;
			files = (
				9DC108701C3F507D0036390D /* FSSqlite.framework in Embed Frameworks */,
			);
			name = "Embed Frameworks";
			runOnlyForDeploymentPostprocessing = 0;
		};
/* End PBXCopyFilesBuildPhase section */

/* Begin PBXFileReference section */
		9D33DAFF1C3D23DF00E8E80F /* FSSqliteDemo.app */ = {isa = PBXFileReference; explicitFileType = wrapper.application; includeInIndex = 0; path = FSSqliteDemo.app; sourceTree = BUILT_PRODUCTS_DIR; };
		9D33DB031C3D23DF00E8E80F /* main.m */ = {isa = PBXFileReference; lastKnownFileType = sourcecode.c.objc; path = main.m; sourceTree = "<group>"; };
		9D33DB051C3D23DF00E8E80F /* AppDelegate.h */ = {isa = PBXFileReference; lastKnownFileType = sourcecode.c.h; path = AppDelegate.h; sourceTree = "<group>"; };
		9D33DB061C3D23DF00E8E80F /* AppDelegate.m */ = {isa = PBXFileReference; lastKnownFileType = sourcecode.c.objc; path = AppDelegate.m; sourceTree = "<group>"; };
		9D33DB081C3D23DF00E8E80F /* ViewController.h */ = {isa = PBXFileReference; lastKnownFileType = sourcecode.c.h; path = ViewController.h; sourceTree = "<group>"; };
		9D33DB091C3D23DF00E8E80F /* ViewController.m */ = {isa = PBXFileReference; lastKnownFileType = sourcecode.c.objc; path = ViewController.m; sourceTree = "<group>"; };
		9D33DB0C1C3D23DF00E8E80F /* Base */ = {isa = PBXFileReference; lastKnownFileType = file.storyboard; name = Base; path = Base.lproj/Main.storyboard; sourceTree = "<group>"; };
		9D33DB0E1C3D23DF00E8E80F /* Assets.xcassets */ = {isa = PBXFileReference; lastKnownFileType = folder.assetcatalog; path = Assets.xcassets; sourceTree = "<group>"; };
		9D33DB111C3D23DF00E8E80F /* Base */ = {isa = PBXFileReference; lastKnownFileType = file.storyboard; name = Base; path = Base.lproj/LaunchScreen.storyboard; sourceTree = "<group>"; };
		9D33DB131C3D23DF00E8E80F /* Info.plist */ = {isa = PBXFileReference; lastKnownFileType = text.plist.xml; path = Info.plist; sourceTree = "<group>"; };
		9DB735CA1CFD2D3F00124CEA /* demodb.sqlitemodeld */ = {isa = PBXFileReference; lastKnownFileType = folder; path = demodb.sqlitemodeld; sourceTree = "<group>"; };
		9DB735D11CFD577000124CEA /* demodb2.sqlitemodeld */ = {isa = PBXFileReference; lastKnownFileType = folder; path = demodb2.sqlitemodeld; sourceTree = "<group>"; };
		9DC1086E1C3F507D0036390D /* FSSqlite.framework */ = {isa = PBXFileReference; lastKnownFileType = wrapper.framework; name = FSSqlite.framework; path = "../../../../Library/Developer/Xcode/DerivedData/FSSqliteDesignerWorkSpace-diludsskozlghrbjxovscrtxwweb/Build/Products/Debug-iphonesimulator/FSSqlite.framework"; sourceTree = "<group>"; };
/* End PBXFileReference section */

/* Begin PBXFrameworksBuildPhase section */
		9D33DAFC1C3D23DF00E8E80F /* Frameworks */ = {
			isa = PBXFrameworksBuildPhase;
			buildActionMask = 2147483647;
			files = (
				9DC1086F1C3F507D0036390D /* FSSqlite.framework in Frameworks */,
			);
			runOnlyForDeploymentPostprocessing = 0;
		};
/* End PBXFrameworksBuildPhase section */

/* Begin PBXGroup section */
		9D33DAF61C3D23DF00E8E80F = {
			isa = PBXGroup;
			children = (
				9DC1086E1C3F507D0036390D /* FSSqlite.framework */,
				9D33DB011C3D23DF00E8E80F /* FSSqliteDemo */,
				9D33DB001C3D23DF00E8E80F /* Products */,
			);
			sourceTree = "<group>";
		};
		9D33DB001C3D23DF00E8E80F /* Products */ = {
			isa = PBXGroup;
			children = (
				9D33DAFF1C3D23DF00E8E80F /* FSSqliteDemo.app */,
			);
			name = Products;
			sourceTree = "<group>";
		};
		9D33DB011C3D23DF00E8E80F /* FSSqliteDemo */ = {
			isa = PBXGroup;
			children = (
				9DB735D11CFD577000124CEA /* demodb2.sqlitemodeld */,
				9D33DB051C3D23DF00E8E80F /* AppDelegate.h */,
				9D33DB061C3D23DF00E8E80F /* AppDelegate.m */,
				9D33DB081C3D23DF00E8E80F /* ViewController.h */,
				9D33DB091C3D23DF00E8E80F /* ViewController.m */,
				9D33DB0B1C3D23DF00E8E80F /* Main.storyboard */,
				9D33DB0E1C3D23DF00E8E80F /* Assets.xcassets */,
				9D33DB101C3D23DF00E8E80F /* LaunchScreen.storyboard */,
				9D33DB131C3D23DF00E8E80F /* Info.plist */,
				9D33DB021C3D23DF00E8E80F /* Supporting Files */,
				9DB735CA1CFD2D3F00124CEA /* demodb.sqlitemodeld */,
			);
			path = FSSqliteDemo;
			sourceTree = "<group>";
		};
		9D33DB021C3D23DF00E8E80F /* Supporting Files */ = {
			isa = PBXGroup;
			children = (
				9D33DB031C3D23DF00E8E80F /* main.m */,
			);
			name = "Supporting Files";
			sourceTree = "<group>";
		};
/* End PBXGroup section */

/* Begin PBXNativeTarget section */
		9D33DAFE1C3D23DF00E8E80F /* FSSqliteDemo */ = {
			isa = PBXNativeTarget;
			buildConfigurationList = 9D33DB161C3D23DF00E8E80F /* Build configuration list for PBXNativeTarget "FSSqliteDemo" */;
			buildPhases = (
				9D33DAFB1C3D23DF00E8E80F /* Sources */,
				9D33DAFC1C3D23DF00E8E80F /* Frameworks */,
				9D33DAFD1C3D23DF00E8E80F /* Resources */,
				9DC108711C3F507D0036390D /* Embed Frameworks */,
			);
			buildRules = (
			);
			dependencies = (
			);
			name = FSSqliteDemo;
			productName = FSSqliteDemo;
			productReference = 9D33DAFF1C3D23DF00E8E80F /* FSSqliteDemo.app */;
			productType = "com.apple.product-type.application";
		};
/* End PBXNativeTarget section */

/* Begin PBXProject section */
		9D33DAF71C3D23DF00E8E80F /* Project object */ = {
			isa = PBXProject;
			attributes = {
				LastUpgradeCheck = 0720;
				ORGANIZATIONNAME = fengsh;
				TargetAttributes = {
					9D33DAFE1C3D23DF00E8E80F = {
						CreatedOnToolsVersion = 7.2;
					};
				};
			};
			buildConfigurationList = 9D33DAFA1C3D23DF00E8E80F /* Build configuration list for PBXProject "FSSqliteDemo" */;
			compatibilityVersion = "Xcode 3.2";
			developmentRegion = English;
			hasScannedForEncodings = 0;
			knownRegions = (
				en,
				Base,
			);
			mainGroup = 9D33DAF61C3D23DF00E8E80F;
			productRefGroup = 9D33DB001C3D23DF00E8E80F /* Products */;
			projectDirPath = "";
			projectRoot = "";
			targets = (
				9D33DAFE1C3D23DF00E8E80F /* FSSqliteDemo */,
			);
		};
/* End PBXProject section */

/* Begin PBXResourcesBuildPhase section */
		9D33DAFD1C3D23DF00E8E80F /* Resources */ = {
			isa = PBXResourcesBuildPhase;
			buildActionMask = 2147483647;
			files = (
				9DB735D21CFD577000124CEA /* demodb2.sqlitemodeld in Resources */,
				9D33DB121C3D23DF00E8E80F /* LaunchScreen.storyboard in Resources */,
				9D33DB0F1C3D23DF00E8E80F /* Assets.xcassets in Resources */,
				9D33DB0D1C3D23DF00E8E80F /* Main.storyboard in Resources */,
				9DB735CB1CFD2D3F00124CEA /* demodb.sqlitemodeld in Resources */,
			);
			runOnlyForDeploymentPostprocessing = 0;
		};
/* End PBXResourcesBuildPhase section */

/* Begin PBXSourcesBuildPhase section */
		9D33DAFB1C3D23DF00E8E80F /* Sources */ = {
			isa = PBXSourcesBuildPhase;
			buildActionMask = 2147483647;
			files = (
				9D33DB0A1C3D23DF00E8E80F /* ViewController.m in Sources */,
				9D33DB071C3D23DF00E8E80F /* AppDelegate.m in Sources */,
				9D33DB041C3D23DF00E8E80F /* main.m in Sources */,
			);
			runOnlyForDeploymentPostprocessing = 0;
		};
/* End PBXSourcesBuildPhase section */

/* Begin PBXVariantGroup section */
		9D33DB0B1C3D23DF00E8E80F /* Main.storyboard */ = {
			isa = PBXVariantGroup;
			children = (
				9D33DB0C1C3D23DF00E8E80F /* Base */,
			);
			name = Main.storyboard;
			sourceTree = "<group>";
		};
		9D33DB101C3D23DF00E8E80F /* LaunchScreen.storyboard */ = {
			isa = PBXVariantGroup;
			children = (
				9D33DB111C3D23DF00E8E80F /* Base */,
			);
			name = LaunchScreen.storyboard;
			sourceTree = "<group>";
		};
/* End PBXVariantGroup section */

/* Begin XCBuildConfiguration section */
		9D33DB141C3D23DF00E8E80F /* Debug */ = {
			isa = XCBuildConfiguration;
			buildSettings = {
				ALWAYS_SEARCH_USER_PATHS = NO;
				CLANG_CXX_LANGUAGE_STANDARD = "gnu++0x";
				CLANG_CXX_LIBRARY = "libc++";
				CLANG_ENABLE_MODULES = YES;
				CLANG_ENABLE_OBJC_ARC = YES;
				CLANG_WARN_BOOL_CONVERSION = YES;
				CLANG_WARN_CONSTANT_CONVERSION = YES;
				CLANG_WARN_DIRECT_OBJC_ISA_USAGE = YES_ERROR;
				CLANG_WARN_EMPTY_BODY = YES;
				CLANG_WARN_ENUM_CONVERSION = YES;
				CLANG_WARN_INT_CONVERSION = YES;
				CLANG_WARN_OBJC_ROOT_CLASS = YES_ERROR;
				CLANG_WARN_UNREACHABLE_CODE = YES;
				CLANG_WARN__DUPLICATE_METHOD_MATCH = YES;
				"CODE_SIGN_IDENTITY[sdk=iphoneos*]" = "iPhone Developer";
				COPY_PHASE_STRIP = NO;
				DEBUG_INFORMATION_FORMAT = dwarf;
				ENABLE_STRICT_OBJC_MSGSEND = YES;
				ENABLE_TESTABILITY = YES;
				GCC_C_LANGUAGE_STANDARD = gnu99;
				GCC_DYNAMIC_NO_PIC = NO;
				GCC_NO_COMMON_BLOCKS = YES;
				GCC_OPTIMIZATION_LEVEL = 0;
				GCC_PREPROCESSOR_DEFINITIONS = (
					"DEBUG=1",
					"$(inherited)",
				);
				GCC_WARN_64_TO_32_BIT_CONVERSION = YES;
				GCC_WARN_ABOUT_RETURN_TYPE = YES_ERROR;
				GCC_WARN_UNDECLARED_SELECTOR = YES;
				GCC_WARN_UNINITIALIZED_AUTOS = YES_AGGRESSIVE;
				GCC_WARN_UNUSED_FUNCTION = YES;
				GCC_WARN_UNUSED_VARIABLE = YES;
				IPHONEOS_DEPLOYMENT_TARGET = 9.2;
				MTL_ENABLE_DEBUG_INFO = YES;
				ONLY_ACTIVE_ARCH = YES;
				SDKROOT = iphoneos;
			};
			name = Debug;
		};
		9D33DB151C3D23DF00E8E80F /* Release */ = {
			isa = XCBuildConfiguration;
			buildSettings = {
				ALWAYS_SEARCH_USER_PATHS = NO;
				CLANG_CXX_LANGUAGE_STANDARD = "gnu++0x";
				CLANG_CXX_LIBRARY = "libc++";
				CLANG_ENABLE_MODULES = YES;
				CLANG_ENABLE_OBJC_ARC = YES;
				CLANG_WARN_BOOL_CONVERSION = YES;
				CLANG_WARN_CONSTANT_CONVERSION = YES;
				CLANG_WARN_DIRECT_OBJC_ISA_USAGE = YES_ERROR;
				CLANG_WARN_EMPTY_BODY = YES;
				CLANG_WARN_ENUM_CONVERSION = YES;
				CLANG_WARN_INT_CONVERSION = YES;
				CLANG_WARN_OBJC_ROOT_CLASS = YES_ERROR;
				CLANG_WARN_UNREACHABLE_CODE = YES;
				CLANG_WARN__DUPLICATE_METHOD_MATCH = YES;
				"CODE_SIGN_IDENTITY[sdk=iphoneos*]" = "iPhone Developer";
				COPY_PHASE_STRIP = NO;
				DEBUG_INFORMATION_FORMAT = "dwarf-with-dsym";
				ENABLE_NS_ASSERTIONS = NO;
				ENABLE_STRICT_OBJC_MSGSEND = YES;
				GCC_C_LANGUAGE_STANDARD = gnu99;
				GCC_NO_COMMON_BLOCKS = YES;
				GCC_WARN_64_TO_32_BIT_CONVERSION = YES;
				GCC_WARN_ABOUT_RETURN_TYPE = YES_ERROR;
				GCC_WARN_UNDECLARED_SELECTOR = YES;
				GCC_WARN_UNINITIALIZED_AUTOS = YES_AGGRESSIVE;
				GCC_WARN_UNUSED_FUNCTION = YES;
				GCC_WARN_UNUSED_VARIABLE = YES;
				IPHONEOS_DEPLOYMENT_TARGET = 9.2;
				MTL_ENABLE_DEBUG_INFO = NO;
				SDKROOT = iphoneos;
				VALIDATE_PRODUCT = YES;
			};
			name = Release;
		};
		9D33DB171C3D23DF00E8E80F /* Debug */ = {
			isa = XCBuildConfiguration;
			buildSettings = {
				ASSETCATALOG_COMPILER_APPICON_NAME = AppIcon;
				INFOPLIST_FILE = FSSqliteDemo/Info.plist;
				LD_RUNPATH_SEARCH_PATHS = "$(inherited) @executable_path/Frameworks";
				PRODUCT_BUNDLE_IDENTIFIER = com.fsh.FSSqliteDemo;
				PRODUCT_NAME = "$(TARGET_NAME)";
			};
			name = Debug;
		};
		9D33DB181C3D23DF00E8E80F /* Release */ = {
			isa = XCBuildConfiguration;
			buildSettings = {
				ASSETCATALOG_COMPILER_APPICON_NAME = AppIcon;
				INFOPLIST_FILE = FSSqliteDemo/Info.plist;
				LD_RUNPATH_SEARCH_PATHS = "$(inherited) @executable_path/Frameworks";
				PRODUCT_BUNDLE_IDENTIFIER = com.fsh.FSSqliteDemo;
				PRODUCT_NAME = "$(TARGET_NAME)";
			};
			name = Release;
		};
/* End XCBuildConfiguration section */

/* Begin XCConfigurationList section */
		9D33DAFA1C3D23DF00E8E80F /* Build configuration list for PBXProject "FSSqliteDemo" */ = {
			isa = XCConfigurationList;
			buildConfigurations = (
				9D33DB141C3D23DF00E8E80F /* Debug */,
				9D33DB151C3D23DF00E8E80F /* Release */,
			);
			defaultConfigurationIsVisible = 0;
			defaultConfigurationName = Release;
		};
		9D33DB161C3D23DF00E8E80F /* Build configuration list for PBXNativeTarget "FSSqliteDemo" */ = {
			isa = XCConfigurationList;
			buildConfigurations = (
				9D33DB171C3D23DF00E8E80F /* Debug */,
				9D33DB181C3D23DF00E8E80F /* Release */,
			);
			defaultConfigurationIsVisible = 0;
			defaultConfigurationName = Release;
		};
/* End XCConfigurationList section */
	};
	rootObject = 9D33DAF71C3D23DF00E8E80F /* Project object */;
}
