// !$*UTF8*$!
{
	archiveVersion = 1;
	classes = {
	};
	objectVersion = 46;
	objects = {

/* Begin PBXBuildFile section */
		9D0931601B6B22D8008DBB87 /* FSDesignerViewController+Trigger.m in Sources */ = {isa = PBXBuildFile; fileRef = 9D09315F1B6B22D8008DBB87 /* FSDesignerViewController+Trigger.m */; };
		9D0931631B6B63C9008DBB87 /* FSTriggerTableViewImpl.m in Sources */ = {isa = PBXBuildFile; fileRef = 9D0931621B6B63C9008DBB87 /* FSTriggerTableViewImpl.m */; };
		9D1F5CA21B649AF1009F30DE /* FSTabView.m in Sources */ = {isa = PBXBuildFile; fileRef = 9D1F5CA11B649AF1009F30DE /* FSTabView.m */; };
		9D32F40E1B79F3DA00A2F699 /* FSTextField.m in Sources */ = {isa = PBXBuildFile; fileRef = 9D32F40D1B79F3DA00A2F699 /* FSTextField.m */; };
		9D4010741C3E243F001A9CB7 /* FSDesignFileObject.m in Sources */ = {isa = PBXBuildFile; fileRef = 9D4010711C3E243F001A9CB7 /* FSDesignFileObject.m */; };
		9D4010751C3E243F001A9CB7 /* FSUtils.m in Sources */ = {isa = PBXBuildFile; fileRef = 9D4010731C3E243F001A9CB7 /* FSUtils.m */; };
		9D42F6E71B5A215800E93336 /* images.xcassets in Resources */ = {isa = PBXBuildFile; fileRef = 9D42F6E61B5A215800E93336 /* images.xcassets */; };
		9D6090B01B55593B002CF276 /* FSOutlineView.m in Sources */ = {isa = PBXBuildFile; fileRef = 9D6090AF1B55593B002CF276 /* FSOutlineView.m */; };
		9D61D4961B4EB31500007E10 /* FSDesignerViewController.m in Sources */ = {isa = PBXBuildFile; fileRef = 9D61D4941B4EB31500007E10 /* FSDesignerViewController.m */; };
		9D61D4971B4EB31500007E10 /* FSDesignerViewController.xib in Resources */ = {isa = PBXBuildFile; fileRef = 9D61D4951B4EB31500007E10 /* FSDesignerViewController.xib */; };
		9D6BB8151B50F50B005630B8 /* ___FILEBASENAME___.sqlitemodel in Resources */ = {isa = PBXBuildFile; fileRef = 9D6BB8131B50F50B005630B8 /* ___FILEBASENAME___.sqlitemodel */; };
		9D6BB8161B50F50B005630B8 /* version-model.plist in Resources */ = {isa = PBXBuildFile; fileRef = 9D6BB8141B50F50B005630B8 /* version-model.plist */; };
		9DB191B81B578F52004FF4FE /* FSDesignerViewController+column.m in Sources */ = {isa = PBXBuildFile; fileRef = 9DB191B71B578F52004FF4FE /* FSDesignerViewController+column.m */; };
		9DBE62881B4BB7210054B463 /* FSDesignerView.m in Sources */ = {isa = PBXBuildFile; fileRef = 9DBE62871B4BB7210054B463 /* FSDesignerView.m */; };
		9DD562571B67C2EF00554BD9 /* keywords.plist in Resources */ = {isa = PBXBuildFile; fileRef = 9DD562561B67C2EF00554BD9 /* keywords.plist */; };
		9DD5625A1B68978600554BD9 /* FSDesignerViewController+index.m in Sources */ = {isa = PBXBuildFile; fileRef = 9DD562591B68978600554BD9 /* FSDesignerViewController+index.m */; };
		9DD5625D1B689C2A00554BD9 /* FSIndexTableViewImpl.m in Sources */ = {isa = PBXBuildFile; fileRef = 9DD5625C1B689C2A00554BD9 /* FSIndexTableViewImpl.m */; };
		9DD562601B69BD5800554BD9 /* FSDesignerViewController+view.m in Sources */ = {isa = PBXBuildFile; fileRef = 9DD5625F1B69BD5700554BD9 /* FSDesignerViewController+view.m */; };
		9DD95B221B4BA09C00D54DBA /* FSSqliteDesignerManager.m in Sources */ = {isa = PBXBuildFile; fileRef = 9DD95B211B4BA09C00D54DBA /* FSSqliteDesignerManager.m */; };
		9DD95B2A1B4BA13900D54DBA /* AppKit.framework in Frameworks */ = {isa = PBXBuildFile; fileRef = 9DD95B291B4BA13900D54DBA /* AppKit.framework */; };
		9DD95B2C1B4BA14D00D54DBA /* Foundation.framework in Frameworks */ = {isa = PBXBuildFile; fileRef = 9DD95B2B1B4BA14D00D54DBA /* Foundation.framework */; };
		9DD95B2E1B4BA15900D54DBA /* Cocoa.framework in Frameworks */ = {isa = PBXBuildFile; fileRef = 9DD95B2D1B4BA15900D54DBA /* Cocoa.framework */; };
		9DD95B391B4BA77600D54DBA /* TemplateIcon.icns in Resources */ = {isa = PBXBuildFile; fileRef = 9DD95B351B4BA77600D54DBA /* TemplateIcon.icns */; };
		9DD95B3A1B4BA77600D54DBA /* TemplateInfo.plist in Resources */ = {isa = PBXBuildFile; fileRef = 9DD95B361B4BA77600D54DBA /* TemplateInfo.plist */; };
		9DD95B3C1B4BA78000D54DBA /* install_templates.sh in Resources */ = {isa = PBXBuildFile; fileRef = 9DD95B3B1B4BA78000D54DBA /* install_templates.sh */; };
		9DE2C8431B4C09DC0049C545 /* FSXcodeWindowFrameDebug.m in Sources */ = {isa = PBXBuildFile; fileRef = 9DE2C8411B4C09DC0049C545 /* FSXcodeWindowFrameDebug.m */; };
		9DE2C8441B4C09DC0049C545 /* FSXcodeWindowFrameDebug.xib in Resources */ = {isa = PBXBuildFile; fileRef = 9DE2C8421B4C09DC0049C545 /* FSXcodeWindowFrameDebug.xib */; };
		9DE2C8471B4CB58D0049C545 /* FSViewListModel.m in Sources */ = {isa = PBXBuildFile; fileRef = 9DE2C8461B4CB58D0049C545 /* FSViewListModel.m */; };
/* End PBXBuildFile section */

/* Begin PBXFileReference section */
		9D09315E1B6B22D8008DBB87 /* FSDesignerViewController+Trigger.h */ = {isa = PBXFileReference; fileEncoding = 4; lastKnownFileType = sourcecode.c.h; path = "FSDesignerViewController+Trigger.h"; sourceTree = "<group>"; };
		9D09315F1B6B22D8008DBB87 /* FSDesignerViewController+Trigger.m */ = {isa = PBXFileReference; fileEncoding = 4; lastKnownFileType = sourcecode.c.objc; path = "FSDesignerViewController+Trigger.m"; sourceTree = "<group>"; };
		9D0931611B6B63C9008DBB87 /* FSTriggerTableViewImpl.h */ = {isa = PBXFileReference; fileEncoding = 4; lastKnownFileType = sourcecode.c.h; path = FSTriggerTableViewImpl.h; sourceTree = "<group>"; };
		9D0931621B6B63C9008DBB87 /* FSTriggerTableViewImpl.m */ = {isa = PBXFileReference; fileEncoding = 4; lastKnownFileType = sourcecode.c.objc; path = FSTriggerTableViewImpl.m; sourceTree = "<group>"; };
		9D0EDA181C4358A500051FE8 /* FSSqliteDDL.h */ = {isa = PBXFileReference; fileEncoding = 4; lastKnownFileType = sourcecode.c.h; name = FSSqliteDDL.h; path = FSSqlite_fmwk/FSSqlite/FSSqliteDDL.h; sourceTree = SOURCE_ROOT; };
		9D1F5CA01B649AF1009F30DE /* FSTabView.h */ = {isa = PBXFileReference; fileEncoding = 4; lastKnownFileType = sourcecode.c.h; path = FSTabView.h; sourceTree = "<group>"; };
		9D1F5CA11B649AF1009F30DE /* FSTabView.m */ = {isa = PBXFileReference; fileEncoding = 4; lastKnownFileType = sourcecode.c.objc; path = FSTabView.m; sourceTree = "<group>"; };
		9D32F40C1B79F3DA00A2F699 /* FSTextField.h */ = {isa = PBXFileReference; fileEncoding = 4; lastKnownFileType = sourcecode.c.h; path = FSTextField.h; sourceTree = "<group>"; };
		9D32F40D1B79F3DA00A2F699 /* FSTextField.m */ = {isa = PBXFileReference; fileEncoding = 4; lastKnownFileType = sourcecode.c.objc; path = FSTextField.m; sourceTree = "<group>"; };
		9D40106C1C3E23AB001A9CB7 /* FSSqlite.framework */ = {isa = PBXFileReference; lastKnownFileType = wrapper.framework; name = FSSqlite.framework; path = "FSSqlite_fmwk/build/Debug-iphoneos/FSSqlite.framework"; sourceTree = "<group>"; };
		9D40106E1C3E2406001A9CB7 /* FSSqlite.framework */ = {isa = PBXFileReference; lastKnownFileType = wrapper.framework; name = FSSqlite.framework; path = "FSSqlite_fmwk/build/Debug-iphoneos/FSSqlite.framework"; sourceTree = "<group>"; };
		9D4010701C3E243F001A9CB7 /* FSDesignFileObject.h */ = {isa = PBXFileReference; fileEncoding = 4; lastKnownFileType = sourcecode.c.h; name = FSDesignFileObject.h; path = FSSqlite_fmwk/FSSqlite/FSDesignFileObject.h; sourceTree = SOURCE_ROOT; };
		9D4010711C3E243F001A9CB7 /* FSDesignFileObject.m */ = {isa = PBXFileReference; fileEncoding = 4; lastKnownFileType = sourcecode.c.objc; name = FSDesignFileObject.m; path = FSSqlite_fmwk/FSSqlite/FSDesignFileObject.m; sourceTree = SOURCE_ROOT; };
		9D4010721C3E243F001A9CB7 /* FSUtils.h */ = {isa = PBXFileReference; fileEncoding = 4; lastKnownFileType = sourcecode.c.h; name = FSUtils.h; path = FSSqlite_fmwk/FSSqlite/FSUtils.h; sourceTree = SOURCE_ROOT; };
		9D4010731C3E243F001A9CB7 /* FSUtils.m */ = {isa = PBXFileReference; fileEncoding = 4; lastKnownFileType = sourcecode.c.objc; name = FSUtils.m; path = FSSqlite_fmwk/FSSqlite/FSUtils.m; sourceTree = SOURCE_ROOT; };
		9D42F6E61B5A215800E93336 /* images.xcassets */ = {isa = PBXFileReference; lastKnownFileType = folder.assetcatalog; path = images.xcassets; sourceTree = "<group>"; };
		9D6090AE1B55593B002CF276 /* FSOutlineView.h */ = {isa = PBXFileReference; fileEncoding = 4; lastKnownFileType = sourcecode.c.h; path = FSOutlineView.h; sourceTree = "<group>"; };
		9D6090AF1B55593B002CF276 /* FSOutlineView.m */ = {isa = PBXFileReference; fileEncoding = 4; lastKnownFileType = sourcecode.c.objc; path = FSOutlineView.m; sourceTree = "<group>"; };
		9D61D4931B4EB31500007E10 /* FSDesignerViewController.h */ = {isa = PBXFileReference; fileEncoding = 4; lastKnownFileType = sourcecode.c.h; path = FSDesignerViewController.h; sourceTree = "<group>"; };
		9D61D4941B4EB31500007E10 /* FSDesignerViewController.m */ = {isa = PBXFileReference; fileEncoding = 4; lastKnownFileType = sourcecode.c.objc; path = FSDesignerViewController.m; sourceTree = "<group>"; };
		9D61D4951B4EB31500007E10 /* FSDesignerViewController.xib */ = {isa = PBXFileReference; fileEncoding = 4; lastKnownFileType = file.xib; path = FSDesignerViewController.xib; sourceTree = "<group>"; };
		9D6BB8131B50F50B005630B8 /* ___FILEBASENAME___.sqlitemodel */ = {isa = PBXFileReference; fileEncoding = 4; lastKnownFileType = text.xml; path = "___FILEBASENAME___.sqlitemodel"; sourceTree = "<group>"; };
		9D6BB8141B50F50B005630B8 /* version-model.plist */ = {isa = PBXFileReference; fileEncoding = 4; lastKnownFileType = text.plist.xml; path = "version-model.plist"; sourceTree = "<group>"; };
		9DB191B61B578F52004FF4FE /* FSDesignerViewController+column.h */ = {isa = PBXFileReference; fileEncoding = 4; lastKnownFileType = sourcecode.c.h; path = "FSDesignerViewController+column.h"; sourceTree = "<group>"; };
		9DB191B71B578F52004FF4FE /* FSDesignerViewController+column.m */ = {isa = PBXFileReference; fileEncoding = 4; lastKnownFileType = sourcecode.c.objc; path = "FSDesignerViewController+column.m"; sourceTree = "<group>"; };
		9DBE62861B4BB7210054B463 /* FSDesignerView.h */ = {isa = PBXFileReference; fileEncoding = 4; lastKnownFileType = sourcecode.c.h; path = FSDesignerView.h; sourceTree = "<group>"; };
		9DBE62871B4BB7210054B463 /* FSDesignerView.m */ = {isa = PBXFileReference; fileEncoding = 4; lastKnownFileType = sourcecode.c.objc; path = FSDesignerView.m; sourceTree = "<group>"; };
		9DCF1A3C1B4B926C000E114A /* FSSqliteDesigner.xcplugin */ = {isa = PBXFileReference; explicitFileType = wrapper.cfbundle; includeInIndex = 0; path = FSSqliteDesigner.xcplugin; sourceTree = BUILT_PRODUCTS_DIR; };
		9DCF1A3F1B4B926C000E114A /* Info.plist */ = {isa = PBXFileReference; lastKnownFileType = text.plist.xml; path = Info.plist; sourceTree = "<group>"; };
		9DD562561B67C2EF00554BD9 /* keywords.plist */ = {isa = PBXFileReference; fileEncoding = 4; lastKnownFileType = text.plist.xml; path = keywords.plist; sourceTree = "<group>"; };
		9DD562581B68978600554BD9 /* FSDesignerViewController+index.h */ = {isa = PBXFileReference; fileEncoding = 4; lastKnownFileType = sourcecode.c.h; path = "FSDesignerViewController+index.h"; sourceTree = "<group>"; };
		9DD562591B68978600554BD9 /* FSDesignerViewController+index.m */ = {isa = PBXFileReference; fileEncoding = 4; lastKnownFileType = sourcecode.c.objc; path = "FSDesignerViewController+index.m"; sourceTree = "<group>"; };
		9DD5625B1B689C2A00554BD9 /* FSIndexTableViewImpl.h */ = {isa = PBXFileReference; fileEncoding = 4; lastKnownFileType = sourcecode.c.h; path = FSIndexTableViewImpl.h; sourceTree = "<group>"; };
		9DD5625C1B689C2A00554BD9 /* FSIndexTableViewImpl.m */ = {isa = PBXFileReference; fileEncoding = 4; lastKnownFileType = sourcecode.c.objc; path = FSIndexTableViewImpl.m; sourceTree = "<group>"; };
		9DD5625E1B69BD5700554BD9 /* FSDesignerViewController+view.h */ = {isa = PBXFileReference; fileEncoding = 4; lastKnownFileType = sourcecode.c.h; path = "FSDesignerViewController+view.h"; sourceTree = "<group>"; };
		9DD5625F1B69BD5700554BD9 /* FSDesignerViewController+view.m */ = {isa = PBXFileReference; fileEncoding = 4; lastKnownFileType = sourcecode.c.objc; path = "FSDesignerViewController+view.m"; sourceTree = "<group>"; };
		9DD95B201B4BA09C00D54DBA /* FSSqliteDesignerManager.h */ = {isa = PBXFileReference; fileEncoding = 4; lastKnownFileType = sourcecode.c.h; path = FSSqliteDesignerManager.h; sourceTree = "<group>"; };
		9DD95B211B4BA09C00D54DBA /* FSSqliteDesignerManager.m */ = {isa = PBXFileReference; fileEncoding = 4; lastKnownFileType = sourcecode.c.objc; path = FSSqliteDesignerManager.m; sourceTree = "<group>"; };
		9DD95B291B4BA13900D54DBA /* AppKit.framework */ = {isa = PBXFileReference; lastKnownFileType = wrapper.framework; name = AppKit.framework; path = System/Library/Frameworks/AppKit.framework; sourceTree = SDKROOT; };
		9DD95B2B1B4BA14D00D54DBA /* Foundation.framework */ = {isa = PBXFileReference; lastKnownFileType = wrapper.framework; name = Foundation.framework; path = System/Library/Frameworks/Foundation.framework; sourceTree = SDKROOT; };
		9DD95B2D1B4BA15900D54DBA /* Cocoa.framework */ = {isa = PBXFileReference; lastKnownFileType = wrapper.framework; name = Cocoa.framework; path = System/Library/Frameworks/Cocoa.framework; sourceTree = SDKROOT; };
		9DD95B351B4BA77600D54DBA /* TemplateIcon.icns */ = {isa = PBXFileReference; lastKnownFileType = image.icns; path = TemplateIcon.icns; sourceTree = "<group>"; };
		9DD95B361B4BA77600D54DBA /* TemplateInfo.plist */ = {isa = PBXFileReference; fileEncoding = 4; lastKnownFileType = text.plist.xml; path = TemplateInfo.plist; sourceTree = "<group>"; };
		9DD95B3B1B4BA78000D54DBA /* install_templates.sh */ = {isa = PBXFileReference; fileEncoding = 4; lastKnownFileType = text.script.sh; name = install_templates.sh; path = FSSqliteDesigner/install_templates.sh; sourceTree = SOURCE_ROOT; };
		9DE2C8401B4C09DC0049C545 /* FSXcodeWindowFrameDebug.h */ = {isa = PBXFileReference; fileEncoding = 4; lastKnownFileType = sourcecode.c.h; path = FSXcodeWindowFrameDebug.h; sourceTree = "<group>"; };
		9DE2C8411B4C09DC0049C545 /* FSXcodeWindowFrameDebug.m */ = {isa = PBXFileReference; fileEncoding = 4; lastKnownFileType = sourcecode.c.objc; path = FSXcodeWindowFrameDebug.m; sourceTree = "<group>"; };
		9DE2C8421B4C09DC0049C545 /* FSXcodeWindowFrameDebug.xib */ = {isa = PBXFileReference; fileEncoding = 4; lastKnownFileType = file.xib; path = FSXcodeWindowFrameDebug.xib; sourceTree = "<group>"; };
		9DE2C8451B4CB58D0049C545 /* FSViewListModel.h */ = {isa = PBXFileReference; fileEncoding = 4; lastKnownFileType = sourcecode.c.h; path = FSViewListModel.h; sourceTree = "<group>"; };
		9DE2C8461B4CB58D0049C545 /* FSViewListModel.m */ = {isa = PBXFileReference; fileEncoding = 4; lastKnownFileType = sourcecode.c.objc; path = FSViewListModel.m; sourceTree = "<group>"; };
/* End PBXFileReference section */

/* Begin PBXFrameworksBuildPhase section */
		9DCF1A391B4B926C000E114A /* Frameworks */ = {
			isa = PBXFrameworksBuildPhase;
			buildActionMask = 2147483647;
			files = (
				9DD95B2E1B4BA15900D54DBA /* Cocoa.framework in Frameworks */,
				9DD95B2C1B4BA14D00D54DBA /* Foundation.framework in Frameworks */,
				9DD95B2A1B4BA13900D54DBA /* AppKit.framework in Frameworks */,
			);
			runOnlyForDeploymentPostprocessing = 0;
		};
/* End PBXFrameworksBuildPhase section */

/* Begin PBXGroup section */
		9D6BB8121B50F50B005630B8 /* ___FILEBASENAME___.sqlitemodeld */ = {
			isa = PBXGroup;
			children = (
				9D6BB8131B50F50B005630B8 /* ___FILEBASENAME___.sqlitemodel */,
				9D6BB8141B50F50B005630B8 /* version-model.plist */,
			);
			path = "___FILEBASENAME___.sqlitemodeld";
			sourceTree = "<group>";
		};
		9DCF1A331B4B926B000E114A = {
			isa = PBXGroup;
			children = (
				9DCF1A3E1B4B926C000E114A /* FSSqliteDesigner */,
				9DD95B281B4BA11400D54DBA /* Frameworks */,
				9DCF1A3D1B4B926C000E114A /* Products */,
			);
			sourceTree = "<group>";
		};
		9DCF1A3D1B4B926C000E114A /* Products */ = {
			isa = PBXGroup;
			children = (
				9DCF1A3C1B4B926C000E114A /* FSSqliteDesigner.xcplugin */,
			);
			name = Products;
			sourceTree = "<group>";
		};
		9DCF1A3E1B4B926C000E114A /* FSSqliteDesigner */ = {
			isa = PBXGroup;
			children = (
				9DE2C83C1B4C03200049C545 /* FSDesignerDebug */,
				9DD95B2F1B4BA77600D54DBA /* FSDesignerTemplates */,
				9DD95B231B4BA0CC00D54DBA /* FSDesignerView */,
				9DCF1A3F1B4B926C000E114A /* Info.plist */,
				9DD95B201B4BA09C00D54DBA /* FSSqliteDesignerManager.h */,
				9DD95B211B4BA09C00D54DBA /* FSSqliteDesignerManager.m */,
				9D42F6E61B5A215800E93336 /* images.xcassets */,
				9DD562561B67C2EF00554BD9 /* keywords.plist */,
			);
			path = FSSqliteDesigner;
			sourceTree = "<group>";
		};
		9DD95B231B4BA0CC00D54DBA /* FSDesignerView */ = {
			isa = PBXGroup;
			children = (
				9D0EDA181C4358A500051FE8 /* FSSqliteDDL.h */,
				9D4010701C3E243F001A9CB7 /* FSDesignFileObject.h */,
				9D4010711C3E243F001A9CB7 /* FSDesignFileObject.m */,
				9D4010721C3E243F001A9CB7 /* FSUtils.h */,
				9D4010731C3E243F001A9CB7 /* FSUtils.m */,
				9DBE62861B4BB7210054B463 /* FSDesignerView.h */,
				9DBE62871B4BB7210054B463 /* FSDesignerView.m */,
				9D6090AE1B55593B002CF276 /* FSOutlineView.h */,
				9D6090AF1B55593B002CF276 /* FSOutlineView.m */,
				9D32F40C1B79F3DA00A2F699 /* FSTextField.h */,
				9D32F40D1B79F3DA00A2F699 /* FSTextField.m */,
				9D1F5CA01B649AF1009F30DE /* FSTabView.h */,
				9D1F5CA11B649AF1009F30DE /* FSTabView.m */,
				9D0931611B6B63C9008DBB87 /* FSTriggerTableViewImpl.h */,
				9D0931621B6B63C9008DBB87 /* FSTriggerTableViewImpl.m */,
				9DD5625B1B689C2A00554BD9 /* FSIndexTableViewImpl.h */,
				9DD5625C1B689C2A00554BD9 /* FSIndexTableViewImpl.m */,
				9D09315E1B6B22D8008DBB87 /* FSDesignerViewController+Trigger.h */,
				9D09315F1B6B22D8008DBB87 /* FSDesignerViewController+Trigger.m */,
				9DD5625E1B69BD5700554BD9 /* FSDesignerViewController+view.h */,
				9DD5625F1B69BD5700554BD9 /* FSDesignerViewController+view.m */,
				9DD562581B68978600554BD9 /* FSDesignerViewController+index.h */,
				9DD562591B68978600554BD9 /* FSDesignerViewController+index.m */,
				9DB191B61B578F52004FF4FE /* FSDesignerViewController+column.h */,
				9DB191B71B578F52004FF4FE /* FSDesignerViewController+column.m */,
				9D61D4931B4EB31500007E10 /* FSDesignerViewController.h */,
				9D61D4941B4EB31500007E10 /* FSDesignerViewController.m */,
				9D61D4951B4EB31500007E10 /* FSDesignerViewController.xib */,
			);
			path = FSDesignerView;
			sourceTree = "<group>";
		};
		9DD95B281B4BA11400D54DBA /* Frameworks */ = {
			isa = PBXGroup;
			children = (
				9D40106E1C3E2406001A9CB7 /* FSSqlite.framework */,
				9D40106C1C3E23AB001A9CB7 /* FSSqlite.framework */,
				9DD95B2D1B4BA15900D54DBA /* Cocoa.framework */,
				9DD95B2B1B4BA14D00D54DBA /* Foundation.framework */,
				9DD95B291B4BA13900D54DBA /* AppKit.framework */,
			);
			name = Frameworks;
			sourceTree = "<group>";
		};
		9DD95B2F1B4BA77600D54DBA /* FSDesignerTemplates */ = {
			isa = PBXGroup;
			children = (
				9DD95B3B1B4BA78000D54DBA /* install_templates.sh */,
				9DD95B301B4BA77600D54DBA /* Sqlite Model Object.xctemplate */,
			);
			path = FSDesignerTemplates;
			sourceTree = "<group>";
		};
		9DD95B301B4BA77600D54DBA /* Sqlite Model Object.xctemplate */ = {
			isa = PBXGroup;
			children = (
				9D6BB8121B50F50B005630B8 /* ___FILEBASENAME___.sqlitemodeld */,
				9DD95B351B4BA77600D54DBA /* TemplateIcon.icns */,
				9DD95B361B4BA77600D54DBA /* TemplateInfo.plist */,
			);
			path = "Sqlite Model Object.xctemplate";
			sourceTree = "<group>";
		};
		9DE2C83C1B4C03200049C545 /* FSDesignerDebug */ = {
			isa = PBXGroup;
			children = (
				9DE2C8401B4C09DC0049C545 /* FSXcodeWindowFrameDebug.h */,
				9DE2C8411B4C09DC0049C545 /* FSXcodeWindowFrameDebug.m */,
				9DE2C8421B4C09DC0049C545 /* FSXcodeWindowFrameDebug.xib */,
				9DE2C8451B4CB58D0049C545 /* FSViewListModel.h */,
				9DE2C8461B4CB58D0049C545 /* FSViewListModel.m */,
			);
			path = FSDesignerDebug;
			sourceTree = "<group>";
		};
/* End PBXGroup section */

/* Begin PBXNativeTarget section */
		9DCF1A3B1B4B926C000E114A /* FSSqliteDesigner */ = {
			isa = PBXNativeTarget;
			buildConfigurationList = 9DCF1A421B4B926C000E114A /* Build configuration list for PBXNativeTarget "FSSqliteDesigner" */;
			buildPhases = (
				9DCF1A381B4B926C000E114A /* Sources */,
				9DCF1A391B4B926C000E114A /* Frameworks */,
				9DCF1A3A1B4B926C000E114A /* Resources */,
				9DD95B3D1B4BA81200D54DBA /* Install Template */,
			);
			buildRules = (
			);
			dependencies = (
			);
			name = FSSqliteDesigner;
			productName = FSSqliteDesigner;
			productReference = 9DCF1A3C1B4B926C000E114A /* FSSqliteDesigner.xcplugin */;
			productType = "com.apple.product-type.bundle";
		};
/* End PBXNativeTarget section */

/* Begin PBXProject section */
		9DCF1A341B4B926B000E114A /* Project object */ = {
			isa = PBXProject;
			attributes = {
				LastUpgradeCheck = 0700;
				ORGANIZATIONNAME = fengsh;
				TargetAttributes = {
					9DCF1A3B1B4B926C000E114A = {
						CreatedOnToolsVersion = 7.0;
					};
				};
			};
			buildConfigurationList = 9DCF1A371B4B926B000E114A /* Build configuration list for PBXProject "FSSqliteDesigner" */;
			compatibilityVersion = "Xcode 3.2";
			developmentRegion = English;
			hasScannedForEncodings = 0;
			knownRegions = (
				en,
			);
			mainGroup = 9DCF1A331B4B926B000E114A;
			productRefGroup = 9DCF1A3D1B4B926C000E114A /* Products */;
			projectDirPath = "";
			projectRoot = "";
			targets = (
				9DCF1A3B1B4B926C000E114A /* FSSqliteDesigner */,
			);
		};
/* End PBXProject section */

/* Begin PBXResourcesBuildPhase section */
		9DCF1A3A1B4B926C000E114A /* Resources */ = {
			isa = PBXResourcesBuildPhase;
			buildActionMask = 2147483647;
			files = (
				9DE2C8441B4C09DC0049C545 /* FSXcodeWindowFrameDebug.xib in Resources */,
				9DD562571B67C2EF00554BD9 /* keywords.plist in Resources */,
				9DD95B3A1B4BA77600D54DBA /* TemplateInfo.plist in Resources */,
				9D42F6E71B5A215800E93336 /* images.xcassets in Resources */,
				9D61D4971B4EB31500007E10 /* FSDesignerViewController.xib in Resources */,
				9D6BB8151B50F50B005630B8 /* ___FILEBASENAME___.sqlitemodel in Resources */,
				9D6BB8161B50F50B005630B8 /* version-model.plist in Resources */,
				9DD95B391B4BA77600D54DBA /* TemplateIcon.icns in Resources */,
				9DD95B3C1B4BA78000D54DBA /* install_templates.sh in Resources */,
			);
			runOnlyForDeploymentPostprocessing = 0;
		};
/* End PBXResourcesBuildPhase section */

/* Begin PBXShellScriptBuildPhase section */
		9DD95B3D1B4BA81200D54DBA /* Install Template */ = {
			isa = PBXShellScriptBuildPhase;
			buildActionMask = 2147483647;
			files = (
			);
			inputPaths = (
			);
			name = "Install Template";
			outputPaths = (
			);
			runOnlyForDeploymentPostprocessing = 0;
			shellPath = /bin/sh;
			shellScript = "cd FSSqliteDesigner && sh install_templates.sh";
		};
/* End PBXShellScriptBuildPhase section */

/* Begin PBXSourcesBuildPhase section */
		9DCF1A381B4B926C000E114A /* Sources */ = {
			isa = PBXSourcesBuildPhase;
			buildActionMask = 2147483647;
			files = (
				9DB191B81B578F52004FF4FE /* FSDesignerViewController+column.m in Sources */,
				9DD95B221B4BA09C00D54DBA /* FSSqliteDesignerManager.m in Sources */,
				9DE2C8431B4C09DC0049C545 /* FSXcodeWindowFrameDebug.m in Sources */,
				9D32F40E1B79F3DA00A2F699 /* FSTextField.m in Sources */,
				9DBE62881B4BB7210054B463 /* FSDesignerView.m in Sources */,
				9DD562601B69BD5800554BD9 /* FSDesignerViewController+view.m in Sources */,
				9D1F5CA21B649AF1009F30DE /* FSTabView.m in Sources */,
				9D0931631B6B63C9008DBB87 /* FSTriggerTableViewImpl.m in Sources */,
				9DE2C8471B4CB58D0049C545 /* FSViewListModel.m in Sources */,
				9DD5625A1B68978600554BD9 /* FSDesignerViewController+index.m in Sources */,
				9D6090B01B55593B002CF276 /* FSOutlineView.m in Sources */,
				9D0931601B6B22D8008DBB87 /* FSDesignerViewController+Trigger.m in Sources */,
				9DD5625D1B689C2A00554BD9 /* FSIndexTableViewImpl.m in Sources */,
				9D61D4961B4EB31500007E10 /* FSDesignerViewController.m in Sources */,
				9D4010751C3E243F001A9CB7 /* FSUtils.m in Sources */,
				9D4010741C3E243F001A9CB7 /* FSDesignFileObject.m in Sources */,
			);
			runOnlyForDeploymentPostprocessing = 0;
		};
/* End PBXSourcesBuildPhase section */

/* Begin XCBuildConfiguration section */
		9DCF1A401B4B926C000E114A /* Debug */ = {
			isa = XCBuildConfiguration;
			buildSettings = {
				ALWAYS_SEARCH_USER_PATHS = NO;
				CLANG_CXX_LANGUAGE_STANDARD = "gnu++0x";
				CLANG_CXX_LIBRARY = "libc++";
				CLANG_ENABLE_MODULES = YES;
				CLANG_ENABLE_OBJC_ARC = YES;
				CLANG_WARN_BOOL_CONVERSION = YES;
				CLANG_WARN_CONSTANT_CONVERSION = YES;
				CLANG_WARN_DIRECT_OBJC_ISA_USAGE = YES_ERROR;
				CLANG_WARN_EMPTY_BODY = YES;
				CLANG_WARN_ENUM_CONVERSION = YES;
				CLANG_WARN_INT_CONVERSION = YES;
				CLANG_WARN_OBJC_ROOT_CLASS = YES_ERROR;
				CLANG_WARN_UNREACHABLE_CODE = YES;
				CLANG_WARN__DUPLICATE_METHOD_MATCH = YES;
				COPY_PHASE_STRIP = NO;
				DEBUG_INFORMATION_FORMAT = dwarf;
				ENABLE_STRICT_OBJC_MSGSEND = YES;
				ENABLE_TESTABILITY = YES;
				GCC_C_LANGUAGE_STANDARD = gnu99;
				GCC_DYNAMIC_NO_PIC = NO;
				GCC_NO_COMMON_BLOCKS = YES;
				GCC_OPTIMIZATION_LEVEL = 0;
				GCC_PREPROCESSOR_DEFINITIONS = (
					"DEBUG=1",
					"$(inherited)",
				);
				GCC_WARN_64_TO_32_BIT_CONVERSION = YES;
				GCC_WARN_ABOUT_RETURN_TYPE = YES_ERROR;
				GCC_WARN_UNDECLARED_SELECTOR = YES;
				GCC_WARN_UNINITIALIZED_AUTOS = YES_AGGRESSIVE;
				GCC_WARN_UNUSED_FUNCTION = YES;
				GCC_WARN_UNUSED_VARIABLE = YES;
				MACOSX_DEPLOYMENT_TARGET = 10.10;
				MTL_ENABLE_DEBUG_INFO = YES;
				ONLY_ACTIVE_ARCH = YES;
				SDKROOT = macosx;
			};
			name = Debug;
		};
		9DCF1A411B4B926C000E114A /* Release */ = {
			isa = XCBuildConfiguration;
			buildSettings = {
				ALWAYS_SEARCH_USER_PATHS = NO;
				CLANG_CXX_LANGUAGE_STANDARD = "gnu++0x";
				CLANG_CXX_LIBRARY = "libc++";
				CLANG_ENABLE_MODULES = YES;
				CLANG_ENABLE_OBJC_ARC = YES;
				CLANG_WARN_BOOL_CONVERSION = YES;
				CLANG_WARN_CONSTANT_CONVERSION = YES;
				CLANG_WARN_DIRECT_OBJC_ISA_USAGE = YES_ERROR;
				CLANG_WARN_EMPTY_BODY = YES;
				CLANG_WARN_ENUM_CONVERSION = YES;
				CLANG_WARN_INT_CONVERSION = YES;
				CLANG_WARN_OBJC_ROOT_CLASS = YES_ERROR;
				CLANG_WARN_UNREACHABLE_CODE = YES;
				CLANG_WARN__DUPLICATE_METHOD_MATCH = YES;
				COPY_PHASE_STRIP = NO;
				DEBUG_INFORMATION_FORMAT = "dwarf-with-dsym";
				ENABLE_NS_ASSERTIONS = NO;
				ENABLE_STRICT_OBJC_MSGSEND = YES;
				GCC_C_LANGUAGE_STANDARD = gnu99;
				GCC_NO_COMMON_BLOCKS = YES;
				GCC_WARN_64_TO_32_BIT_CONVERSION = YES;
				GCC_WARN_ABOUT_RETURN_TYPE = YES_ERROR;
				GCC_WARN_UNDECLARED_SELECTOR = YES;
				GCC_WARN_UNINITIALIZED_AUTOS = YES_AGGRESSIVE;
				GCC_WARN_UNUSED_FUNCTION = YES;
				GCC_WARN_UNUSED_VARIABLE = YES;
				MACOSX_DEPLOYMENT_TARGET = 10.10;
				MTL_ENABLE_DEBUG_INFO = NO;
				SDKROOT = macosx;
			};
			name = Release;
		};
		9DCF1A431B4B926C000E114A /* Debug */ = {
			isa = XCBuildConfiguration;
			buildSettings = {
				COMBINE_HIDPI_IMAGES = YES;
				DEPLOYMENT_LOCATION = YES;
				DSTROOT = "$(HOME)";
				FRAMEWORK_SEARCH_PATHS = (
					"$(inherited)",
					"$(PROJECT_DIR)/FSSqlite_fmwk/build/Debug-iphoneos",
				);
				INFOPLIST_FILE = FSSqliteDesigner/Info.plist;
				INSTALL_PATH = "/Library/Application Support/Developer/Shared/Xcode/Plug-ins";
				PRODUCT_BUNDLE_IDENTIFIER = com.fengsh.edge.FSSqliteDesigner;
				PRODUCT_NAME = "$(TARGET_NAME)";
				SKIP_INSTALL = NO;
				WRAPPER_EXTENSION = xcplugin;
			};
			name = Debug;
		};
		9DCF1A441B4B926C000E114A /* Release */ = {
			isa = XCBuildConfiguration;
			buildSettings = {
				COMBINE_HIDPI_IMAGES = YES;
				DEPLOYMENT_LOCATION = YES;
				DSTROOT = "$(HOME)";
				FRAMEWORK_SEARCH_PATHS = (
					"$(inherited)",
					"$(PROJECT_DIR)/FSSqlite_fmwk/build/Debug-iphoneos",
				);
				INFOPLIST_FILE = FSSqliteDesigner/Info.plist;
				INSTALL_PATH = "/Library/Application Support/Developer/Shared/Xcode/Plug-ins";
				PRODUCT_BUNDLE_IDENTIFIER = com.fengsh.edge.FSSqliteDesigner;
				PRODUCT_NAME = "$(TARGET_NAME)";
				SKIP_INSTALL = NO;
				WRAPPER_EXTENSION = xcplugin;
			};
			name = Release;
		};
/* End XCBuildConfiguration section */

/* Begin XCConfigurationList section */
		9DCF1A371B4B926B000E114A /* Build configuration list for PBXProject "FSSqliteDesigner" */ = {
			isa = XCConfigurationList;
			buildConfigurations = (
				9DCF1A401B4B926C000E114A /* Debug */,
				9DCF1A411B4B926C000E114A /* Release */,
			);
			defaultConfigurationIsVisible = 0;
			defaultConfigurationName = Release;
		};
		9DCF1A421B4B926C000E114A /* Build configuration list for PBXNativeTarget "FSSqliteDesigner" */ = {
			isa = XCConfigurationList;
			buildConfigurations = (
				9DCF1A431B4B926C000E114A /* Debug */,
				9DCF1A441B4B926C000E114A /* Release */,
			);
			defaultConfigurationIsVisible = 0;
			defaultConfigurationName = Release;
		};
/* End XCConfigurationList section */
	};
	rootObject = 9DCF1A341B4B926B000E114A /* Project object */;
}
